
Microsoft Visual Studio Solution File, Format Version 12.00
# Visual Studio Version 16
VisualStudioVersion = 16.0.31402.337
MinimumVisualStudioVersion = 10.0.40219.1
Project("{FAE04EC0-301F-11D3-BF4B-00C04F79EFBC}") = "Kpo4162_mnv.Main", "Kpo4162_mnv.Main.csproj", "{0352BA7A-5CBE-4881-946F-C1AD81F2303D}"
EndProject
Project("{FAE04EC0-301F-11D3-BF4B-00C04F79EFBC}") = "Kpo4162_nmv.Lib", "..\Kpo4162_nmv.Lib\Kpo4162_nmv.Lib.csproj", "{2EB7C0F4-70CD-4B60-8CF5-28F8AA7DABDC}"
EndProject
Project("{FAE04EC0-301F-11D3-BF4B-00C04F79EFBC}") = "SubdDevelopers.Lib", "..\SubdDevelopers\SubdDevelopers.Lib.csproj", "{D37AF2E6-EF6B-4FBE-8545-A23F6A8C9E47}"
EndProject
Project("{FAE04EC0-301F-11D3-BF4B-00C04F79EFBC}") = "SubdDevelopers.Tests", "..\SubdDevelopers.Tests\SubdDevelopers.Tests.csproj", "{96744595-B3CE-48A5-BBE5-B3D7E9D2925B}"
EndProject
Global
	GlobalSection(SolutionConfigurationPlatforms) = preSolution
		Debug|Any CPU = Debug|Any CPU
		Release|Any CPU = Release|Any CPU
	EndGlobalSection
	GlobalSection(ProjectConfigurationPlatforms) = postSolution
		{0352BA7A-5CBE-4881-946F-C1AD81F2303D}.Debug|Any CPU.ActiveCfg = Debug|Any CPU
		{0352BA7A-5CBE-4881-946F-C1AD81F2303D}.Debug|Any CPU.Build.0 = Debug|Any CPU
		{0352BA7A-5CBE-4881-946F-C1AD81F2303D}.Release|Any CPU.ActiveCfg = Release|Any CPU
		{0352BA7A-5CBE-4881-946F-C1AD81F2303D}.Release|Any CPU.Build.0 = Release|Any CPU
		{2EB7C0F4-70CD-4B60-8CF5-28F8AA7DABDC}.Debug|Any CPU.ActiveCfg = Debug|Any CPU
		{2EB7C0F4-70CD-4B60-8CF5-28F8AA7DABDC}.Debug|Any CPU.Build.0 = Debug|Any CPU
		{2EB7C0F4-70CD-4B60-8CF5-28F8AA7DABDC}.Release|Any CPU.ActiveCfg = Release|Any CPU
		{2EB7C0F4-70CD-4B60-8CF5-28F8AA7DABDC}.Release|Any CPU.Build.0 = Release|Any CPU
		{D37AF2E6-EF6B-4FBE-8545-A23F6A8C9E47}.Debug|Any CPU.ActiveCfg = Debug|Any CPU
		{D37AF2E6-EF6B-4FBE-8545-A23F6A8C9E47}.Debug|Any CPU.Build.0 = Debug|Any CPU
		{D37AF2E6-EF6B-4FBE-8545-A23F6A8C9E47}.Release|Any CPU.ActiveCfg = Release|Any CPU
		{D37AF2E6-EF6B-4FBE-8545-A23F6A8C9E47}.Release|Any CPU.Build.0 = Release|Any CPU
		{96744595-B3CE-48A5-BBE5-B3D7E9D2925B}.Debug|Any CPU.ActiveCfg = Debug|Any CPU
		{96744595-B3CE-48A5-BBE5-B3D7E9D2925B}.Debug|Any CPU.Build.0 = Debug|Any CPU
		{96744595-B3CE-48A5-BBE5-B3D7E9D2925B}.Release|Any CPU.ActiveCfg = Release|Any CPU
		{96744595-B3CE-48A5-BBE5-B3D7E9D2925B}.Release|Any CPU.Build.0 = Release|Any CPU
	EndGlobalSection
	GlobalSection(SolutionProperties) = preSolution
		HideSolutionNode = FALSE
	EndGlobalSection
	GlobalSection(ExtensibilityGlobals) = postSolution
		SolutionGuid = {BF7DB481-59B9-45E8-8F0B-69ECA2D76DE6}
	EndGlobalSection
EndGlobal
